// !$*UTF8*$!
{
	archiveVersion = 1;
	classes = {
	};
	objectVersion = 50;
	objects = {

/* Begin PBXBuildFile section */
		C0579ED82512543200B8E45A /* AppDelegate.swift in Sources */ = {isa = PBXBuildFile; fileRef = C0579ED72512543200B8E45A /* AppDelegate.swift */; };
		C0579EDA2512543200B8E45A /* SceneDelegate.swift in Sources */ = {isa = PBXBuildFile; fileRef = C0579ED92512543200B8E45A /* SceneDelegate.swift */; };
		C0579EDC2512543200B8E45A /* ViewController.swift in Sources */ = {isa = PBXBuildFile; fileRef = C0579EDB2512543200B8E45A /* ViewController.swift */; };
		C0579EDF2512543200B8E45A /* Main.storyboard in Resources */ = {isa = PBXBuildFile; fileRef = C0579EDD2512543200B8E45A /* Main.storyboard */; };
		C0579EE12512543400B8E45A /* Assets.xcassets in Resources */ = {isa = PBXBuildFile; fileRef = C0579EE02512543400B8E45A /* Assets.xcassets */; };
		C0579EE42512543400B8E45A /* LaunchScreen.storyboard in Resources */ = {isa = PBXBuildFile; fileRef = C0579EE22512543400B8E45A /* LaunchScreen.storyboard */; };
		C0579EEF2512543400B8E45A /* QuizTests.swift in Sources */ = {isa = PBXBuildFile; fileRef = C0579EEE2512543400B8E45A /* QuizTests.swift */; };
		C0579EFA2512543400B8E45A /* QuizUITests.swift in Sources */ = {isa = PBXBuildFile; fileRef = C0579EF92512543400B8E45A /* QuizUITests.swift */; };
/* End PBXBuildFile section */

/* Begin PBXContainerItemProxy section */
		C0579EEB2512543400B8E45A /* PBXContainerItemProxy */ = {
			isa = PBXContainerItemProxy;
			containerPortal = C0579ECC2512543200B8E45A /* Project object */;
			proxyType = 1;
			remoteGlobalIDString = C0579ED32512543200B8E45A;
			remoteInfo = Quiz;
		};
		C0579EF62512543400B8E45A /* PBXContainerItemProxy */ = {
			isa = PBXContainerItemProxy;
			containerPortal = C0579ECC2512543200B8E45A /* Project object */;
			proxyType = 1;
			remoteGlobalIDString = C0579ED32512543200B8E45A;
			remoteInfo = Quiz;
		};
/* End PBXContainerItemProxy section */

/* Begin PBXFileReference section */
		C0579ED42512543200B8E45A /* Quiz.app */ = {isa = PBXFileReference; explicitFileType = wrapper.application; includeInIndex = 0; path = Quiz.app; sourceTree = BUILT_PRODUCTS_DIR; };
		C0579ED72512543200B8E45A /* AppDelegate.swift */ = {isa = PBXFileReference; lastKnownFileType = sourcecode.swift; path = AppDelegate.swift; sourceTree = "<group>"; };
		C0579ED92512543200B8E45A /* SceneDelegate.swift */ = {isa = PBXFileReference; lastKnownFileType = sourcecode.swift; path = SceneDelegate.swift; sourceTree = "<group>"; };
		C0579EDB2512543200B8E45A /* ViewController.swift */ = {isa = PBXFileReference; lastKnownFileType = sourcecode.swift; path = ViewController.swift; sourceTree = "<group>"; };
		C0579EDE2512543200B8E45A /* Base */ = {isa = PBXFileReference; lastKnownFileType = file.storyboard; name = Base; path = Base.lproj/Main.storyboard; sourceTree = "<group>"; };
		C0579EE02512543400B8E45A /* Assets.xcassets */ = {isa = PBXFileReference; lastKnownFileType = folder.assetcatalog; path = Assets.xcassets; sourceTree = "<group>"; };
		C0579EE32512543400B8E45A /* Base */ = {isa = PBXFileReference; lastKnownFileType = file.storyboard; name = Base; path = Base.lproj/LaunchScreen.storyboard; sourceTree = "<group>"; };
		C0579EE52512543400B8E45A /* Info.plist */ = {isa = PBXFileReference; lastKnownFileType = text.plist.xml; path = Info.plist; sourceTree = "<group>"; };
		C0579EEA2512543400B8E45A /* QuizTests.xctest */ = {isa = PBXFileReference; explicitFileType = wrapper.cfbundle; includeInIndex = 0; path = QuizTests.xctest; sourceTree = BUILT_PRODUCTS_DIR; };
		C0579EEE2512543400B8E45A /* QuizTests.swift */ = {isa = PBXFileReference; lastKnownFileType = sourcecode.swift; path = QuizTests.swift; sourceTree = "<group>"; };
		C0579EF02512543400B8E45A /* Info.plist */ = {isa = PBXFileReference; lastKnownFileType = text.plist.xml; path = Info.plist; sourceTree = "<group>"; };
		C0579EF52512543400B8E45A /* QuizUITests.xctest */ = {isa = PBXFileReference; explicitFileType = wrapper.cfbundle; includeInIndex = 0; path = QuizUITests.xctest; sourceTree = BUILT_PRODUCTS_DIR; };
		C0579EF92512543400B8E45A /* QuizUITests.swift */ = {isa = PBXFileReference; lastKnownFileType = sourcecode.swift; path = QuizUITests.swift; sourceTree = "<group>"; };
		C0579EFB2512543400B8E45A /* Info.plist */ = {isa = PBXFileReference; lastKnownFileType = text.plist.xml; path = Info.plist; sourceTree = "<group>"; };
/* End PBXFileReference section */

/* Begin PBXFrameworksBuildPhase section */
		C0579ED12512543200B8E45A /* Frameworks */ = {
			isa = PBXFrameworksBuildPhase;
			buildActionMask = 2147483647;
			files = (
			);
			runOnlyForDeploymentPostprocessing = 0;
		};
		C0579EE72512543400B8E45A /* Frameworks */ = {
			isa = PBXFrameworksBuildPhase;
			buildActionMask = 2147483647;
			files = (
			);
			runOnlyForDeploymentPostprocessing = 0;
		};
		C0579EF22512543400B8E45A /* Frameworks */ = {
			isa = PBXFrameworksBuildPhase;
			buildActionMask = 2147483647;
			files = (
			);
			runOnlyForDeploymentPostprocessing = 0;
		};
/* End PBXFrameworksBuildPhase section */

/* Begin PBXGroup section */
		C0579ECB2512543200B8E45A = {
			isa = PBXGroup;
			children = (
				C0579ED62512543200B8E45A /* Quiz */,
				C0579EED2512543400B8E45A /* QuizTests */,
				C0579EF82512543400B8E45A /* QuizUITests */,
				C0579ED52512543200B8E45A /* Products */,
			);
			sourceTree = "<group>";
		};
		C0579ED52512543200B8E45A /* Products */ = {
			isa = PBXGroup;
			children = (
				C0579ED42512543200B8E45A /* Quiz.app */,
				C0579EEA2512543400B8E45A /* QuizTests.xctest */,
				C0579EF52512543400B8E45A /* QuizUITests.xctest */,
			);
			name = Products;
			sourceTree = "<group>";
		};
		C0579ED62512543200B8E45A /* Quiz */ = {
			isa = PBXGroup;
			children = (
				C0579ED72512543200B8E45A /* AppDelegate.swift */,
				C0579ED92512543200B8E45A /* SceneDelegate.swift */,
				C0579EDB2512543200B8E45A /* ViewController.swift */,
				C0579EDD2512543200B8E45A /* Main.storyboard */,
				C0579EE02512543400B8E45A /* Assets.xcassets */,
				C0579EE22512543400B8E45A /* LaunchScreen.storyboard */,
				C0579EE52512543400B8E45A /* Info.plist */,
			);
			path = Quiz;
			sourceTree = "<group>";
		};
		C0579EED2512543400B8E45A /* QuizTests */ = {
			isa = PBXGroup;
			children = (
				C0579EEE2512543400B8E45A /* QuizTests.swift */,
				C0579EF02512543400B8E45A /* Info.plist */,
			);
			path = QuizTests;
			sourceTree = "<group>";
		};
		C0579EF82512543400B8E45A /* QuizUITests */ = {
			isa = PBXGroup;
			children = (
				C0579EF92512543400B8E45A /* QuizUITests.swift */,
				C0579EFB2512543400B8E45A /* Info.plist */,
			);
			path = QuizUITests;
			sourceTree = "<group>";
		};
/* End PBXGroup section */

/* Begin PBXNativeTarget section */
		C0579ED32512543200B8E45A /* Quiz */ = {
			isa = PBXNativeTarget;
			buildConfigurationList = C0579EFE2512543400B8E45A /* Build configuration list for PBXNativeTarget "Quiz" */;
			buildPhases = (
				C0579ED02512543200B8E45A /* Sources */,
				C0579ED12512543200B8E45A /* Frameworks */,
				C0579ED22512543200B8E45A /* Resources */,
			);
			buildRules = (
			);
			dependencies = (
			);
			name = Quiz;
			productName = Quiz;
			productReference = C0579ED42512543200B8E45A /* Quiz.app */;
			productType = "com.apple.product-type.application";
		};
		C0579EE92512543400B8E45A /* QuizTests */ = {
			isa = PBXNativeTarget;
			buildConfigurationList = C0579F012512543400B8E45A /* Build configuration list for PBXNativeTarget "QuizTests" */;
			buildPhases = (
				C0579EE62512543400B8E45A /* Sources */,
				C0579EE72512543400B8E45A /* Frameworks */,
				C0579EE82512543400B8E45A /* Resources */,
			);
			buildRules = (
			);
			dependencies = (
				C0579EEC2512543400B8E45A /* PBXTargetDependency */,
			);
			name = QuizTests;
			productName = QuizTests;
			productReference = C0579EEA2512543400B8E45A /* QuizTests.xctest */;
			productType = "com.apple.product-type.bundle.unit-test";
		};
		C0579EF42512543400B8E45A /* QuizUITests */ = {
			isa = PBXNativeTarget;
			buildConfigurationList = C0579F042512543400B8E45A /* Build configuration list for PBXNativeTarget "QuizUITests" */;
			buildPhases = (
				C0579EF12512543400B8E45A /* Sources */,
				C0579EF22512543400B8E45A /* Frameworks */,
				C0579EF32512543400B8E45A /* Resources */,
			);
			buildRules = (
			);
			dependencies = (
				C0579EF72512543400B8E45A /* PBXTargetDependency */,
			);
			name = QuizUITests;
			productName = QuizUITests;
			productReference = C0579EF52512543400B8E45A /* QuizUITests.xctest */;
			productType = "com.apple.product-type.bundle.ui-testing";
		};
/* End PBXNativeTarget section */

/* Begin PBXProject section */
		C0579ECC2512543200B8E45A /* Project object */ = {
			isa = PBXProject;
			attributes = {
				LastSwiftUpdateCheck = 1170;
				LastUpgradeCheck = 1170;
				ORGANIZATIONNAME = vaibhavi;
				TargetAttributes = {
					C0579ED32512543200B8E45A = {
						CreatedOnToolsVersion = 11.7;
					};
					C0579EE92512543400B8E45A = {
						CreatedOnToolsVersion = 11.7;
						TestTargetID = C0579ED32512543200B8E45A;
					};
					C0579EF42512543400B8E45A = {
						CreatedOnToolsVersion = 11.7;
						TestTargetID = C0579ED32512543200B8E45A;
					};
				};
			};
			buildConfigurationList = C0579ECF2512543200B8E45A /* Build configuration list for PBXProject "Quiz" */;
			compatibilityVersion = "Xcode 9.3";
			developmentRegion = en;
			hasScannedForEncodings = 0;
			knownRegions = (
				en,
				Base,
			);
			mainGroup = C0579ECB2512543200B8E45A;
			productRefGroup = C0579ED52512543200B8E45A /* Products */;
			projectDirPath = "";
			projectRoot = "";
			targets = (
				C0579ED32512543200B8E45A /* Quiz */,
				C0579EE92512543400B8E45A /* QuizTests */,
				C0579EF42512543400B8E45A /* QuizUITests */,
			);
		};
/* End PBXProject section */

/* Begin PBXResourcesBuildPhase section */
		C0579ED22512543200B8E45A /* Resources */ = {
			isa = PBXResourcesBuildPhase;
			buildActionMask = 2147483647;
			files = (
				C0579EE42512543400B8E45A /* LaunchScreen.storyboard in Resources */,
				C0579EE12512543400B8E45A /* Assets.xcassets in Resources */,
				C0579EDF2512543200B8E45A /* Main.storyboard in Resources */,
			);
			runOnlyForDeploymentPostprocessing = 0;
		};
		C0579EE82512543400B8E45A /* Resources */ = {
			isa = PBXResourcesBuildPhase;
			buildActionMask = 2147483647;
			files = (
			);
			runOnlyForDeploymentPostprocessing = 0;
		};
		C0579EF32512543400B8E45A /* Resources */ = {
			isa = PBXResourcesBuildPhase;
			buildActionMask = 2147483647;
			files = (
			);
			runOnlyForDeploymentPostprocessing = 0;
		};
/* End PBXResourcesBuildPhase section */

/* Begin PBXSourcesBuildPhase section */
		C0579ED02512543200B8E45A /* Sources */ = {
			isa = PBXSourcesBuildPhase;
			buildActionMask = 2147483647;
			files = (
				C0579EDC2512543200B8E45A /* ViewController.swift in Sources */,
				C0579ED82512543200B8E45A /* AppDelegate.swift in Sources */,
				C0579EDA2512543200B8E45A /* SceneDelegate.swift in Sources */,
			);
			runOnlyForDeploymentPostprocessing = 0;
		};
		C0579EE62512543400B8E45A /* Sources */ = {
			isa = PBXSourcesBuildPhase;
			buildActionMask = 2147483647;
			files = (
				C0579EEF2512543400B8E45A /* QuizTests.swift in Sources */,
			);
			runOnlyForDeploymentPostprocessing = 0;
		};
		C0579EF12512543400B8E45A /* Sources */ = {
			isa = PBXSourcesBuildPhase;
			buildActionMask = 2147483647;
			files = (
				C0579EFA2512543400B8E45A /* QuizUITests.swift in Sources */,
			);
			runOnlyForDeploymentPostprocessing = 0;
		};
/* End PBXSourcesBuildPhase section */

/* Begin PBXTargetDependency section */
		C0579EEC2512543400B8E45A /* PBXTargetDependency */ = {
			isa = PBXTargetDependency;
			target = C0579ED32512543200B8E45A /* Quiz */;
			targetProxy = C0579EEB2512543400B8E45A /* PBXContainerItemProxy */;
		};
		C0579EF72512543400B8E45A /* PBXTargetDependency */ = {
			isa = PBXTargetDependency;
			target = C0579ED32512543200B8E45A /* Quiz */;
			targetProxy = C0579EF62512543400B8E45A /* PBXContainerItemProxy */;
		};
/* End PBXTargetDependency section */

/* Begin PBXVariantGroup section */
		C0579EDD2512543200B8E45A /* Main.storyboard */ = {
			isa = PBXVariantGroup;
			children = (
				C0579EDE2512543200B8E45A /* Base */,
			);
			name = Main.storyboard;
			sourceTree = "<group>";
		};
		C0579EE22512543400B8E45A /* LaunchScreen.storyboard */ = {
			isa = PBXVariantGroup;
			children = (
				C0579EE32512543400B8E45A /* Base */,
			);
			name = LaunchScreen.storyboard;
			sourceTree = "<group>";
		};
/* End PBXVariantGroup section */

/* Begin XCBuildConfiguration section */
		C0579EFC2512543400B8E45A /* Debug */ = {
			isa = XCBuildConfiguration;
			buildSettings = {
				ALWAYS_SEARCH_USER_PATHS = NO;
				CLANG_ANALYZER_NONNULL = YES;
				CLANG_ANALYZER_NUMBER_OBJECT_CONVERSION = YES_AGGRESSIVE;
				CLANG_CXX_LANGUAGE_STANDARD = "gnu++14";
				CLANG_CXX_LIBRARY = "libc++";
				CLANG_ENABLE_MODULES = YES;
				CLANG_ENABLE_OBJC_ARC = YES;
				CLANG_ENABLE_OBJC_WEAK = YES;
				CLANG_WARN_BLOCK_CAPTURE_AUTORELEASING = YES;
				CLANG_WARN_BOOL_CONVERSION = YES;
				CLANG_WARN_COMMA = YES;
				CLANG_WARN_CONSTANT_CONVERSION = YES;
				CLANG_WARN_DEPRECATED_OBJC_IMPLEMENTATIONS = YES;
				CLANG_WARN_DIRECT_OBJC_ISA_USAGE = YES_ERROR;
				CLANG_WARN_DOCUMENTATION_COMMENTS = YES;
				CLANG_WARN_EMPTY_BODY = YES;
				CLANG_WARN_ENUM_CONVERSION = YES;
				CLANG_WARN_INFINITE_RECURSION = YES;
				CLANG_WARN_INT_CONVERSION = YES;
				CLANG_WARN_NON_LITERAL_NULL_CONVERSION = YES;
				CLANG_WARN_OBJC_IMPLICIT_RETAIN_SELF = YES;
				CLANG_WARN_OBJC_LITERAL_CONVERSION = YES;
				CLANG_WARN_OBJC_ROOT_CLASS = YES_ERROR;
				CLANG_WARN_RANGE_LOOP_ANALYSIS = YES;
				CLANG_WARN_STRICT_PROTOTYPES = YES;
				CLANG_WARN_SUSPICIOUS_MOVE = YES;
				CLANG_WARN_UNGUARDED_AVAILABILITY = YES_AGGRESSIVE;
				CLANG_WARN_UNREACHABLE_CODE = YES;
				CLANG_WARN__DUPLICATE_METHOD_MATCH = YES;
				COPY_PHASE_STRIP = NO;
				DEBUG_INFORMATION_FORMAT = dwarf;
				ENABLE_STRICT_OBJC_MSGSEND = YES;
				ENABLE_TESTABILITY = YES;
				GCC_C_LANGUAGE_STANDARD = gnu11;
				GCC_DYNAMIC_NO_PIC = NO;
				GCC_NO_COMMON_BLOCKS = YES;
				GCC_OPTIMIZATION_LEVEL = 0;
				GCC_PREPROCESSOR_DEFINITIONS = (
					"DEBUG=1",
					"$(inherited)",
				);
				GCC_WARN_64_TO_32_BIT_CONVERSION = YES;
				GCC_WARN_ABOUT_RETURN_TYPE = YES_ERROR;
				GCC_WARN_UNDECLARED_SELECTOR = YES;
				GCC_WARN_UNINITIALIZED_AUTOS = YES_AGGRESSIVE;
				GCC_WARN_UNUSED_FUNCTION = YES;
				GCC_WARN_UNUSED_VARIABLE = YES;
				IPHONEOS_DEPLOYMENT_TARGET = 13.7;
				MTL_ENABLE_DEBUG_INFO = INCLUDE_SOURCE;
				MTL_FAST_MATH = YES;
				ONLY_ACTIVE_ARCH = YES;
				SDKROOT = iphoneos;
				SWIFT_ACTIVE_COMPILATION_CONDITIONS = DEBUG;
				SWIFT_OPTIMIZATION_LEVEL = "-Onone";
			};
			name = Debug;
		};
		C0579EFD2512543400B8E45A /* Release */ = {
			isa = XCBuildConfiguration;
			buildSettings = {
				ALWAYS_SEARCH_USER_PATHS = NO;
				CLANG_ANALYZER_NONNULL = YES;
				CLANG_ANALYZER_NUMBER_OBJECT_CONVERSION = YES_AGGRESSIVE;
				CLANG_CXX_LANGUAGE_STANDARD = "gnu++14";
				CLANG_CXX_LIBRARY = "libc++";
				CLANG_ENABLE_MODULES = YES;
				CLANG_ENABLE_OBJC_ARC = YES;
				CLANG_ENABLE_OBJC_WEAK = YES;
				CLANG_WARN_BLOCK_CAPTURE_AUTORELEASING = YES;
				CLANG_WARN_BOOL_CONVERSION = YES;
				CLANG_WARN_COMMA = YES;
				CLANG_WARN_CONSTANT_CONVERSION = YES;
				CLANG_WARN_DEPRECATED_OBJC_IMPLEMENTATIONS = YES;
				CLANG_WARN_DIRECT_OBJC_ISA_USAGE = YES_ERROR;
				CLANG_WARN_DOCUMENTATION_COMMENTS = YES;
				CLANG_WARN_EMPTY_BODY = YES;
				CLANG_WARN_ENUM_CONVERSION = YES;
				CLANG_WARN_INFINITE_RECURSION = YES;
				CLANG_WARN_INT_CONVERSION = YES;
				CLANG_WARN_NON_LITERAL_NULL_CONVERSION = YES;
				CLANG_WARN_OBJC_IMPLICIT_RETAIN_SELF = YES;
				CLANG_WARN_OBJC_LITERAL_CONVERSION = YES;
				CLANG_WARN_OBJC_ROOT_CLASS = YES_ERROR;
				CLANG_WARN_RANGE_LOOP_ANALYSIS = YES;
				CLANG_WARN_STRICT_PROTOTYPES = YES;
				CLANG_WARN_SUSPICIOUS_MOVE = YES;
				CLANG_WARN_UNGUARDED_AVAILABILITY = YES_AGGRESSIVE;
				CLANG_WARN_UNREACHABLE_CODE = YES;
				CLANG_WARN__DUPLICATE_METHOD_MATCH = YES;
				COPY_PHASE_STRIP = NO;
				DEBUG_INFORMATION_FORMAT = "dwarf-with-dsym";
				ENABLE_NS_ASSERTIONS = NO;
				ENABLE_STRICT_OBJC_MSGSEND = YES;
				GCC_C_LANGUAGE_STANDARD = gnu11;
				GCC_NO_COMMON_BLOCKS = YES;
				GCC_WARN_64_TO_32_BIT_CONVERSION = YES;
				GCC_WARN_ABOUT_RETURN_TYPE = YES_ERROR;
				GCC_WARN_UNDECLARED_SELECTOR = YES;
				GCC_WARN_UNINITIALIZED_AUTOS = YES_AGGRESSIVE;
				GCC_WARN_UNUSED_FUNCTION = YES;
				GCC_WARN_UNUSED_VARIABLE = YES;
				IPHONEOS_DEPLOYMENT_TARGET = 13.7;
				MTL_ENABLE_DEBUG_INFO = NO;
				MTL_FAST_MATH = YES;
				SDKROOT = iphoneos;
				SWIFT_COMPILATION_MODE = wholemodule;
				SWIFT_OPTIMIZATION_LEVEL = "-O";
				VALIDATE_PRODUCT = YES;
			};
			name = Release;
		};
		C0579EFF2512543400B8E45A /* Debug */ = {
			isa = XCBuildConfiguration;
			buildSettings = {
				ASSETCATALOG_COMPILER_APPICON_NAME = AppIcon;
				CODE_SIGN_STYLE = Automatic;
				INFOPLIST_FILE = Quiz/Info.plist;
				LD_RUNPATH_SEARCH_PATHS = (
					"$(inherited)",
					"@executable_path/Frameworks",
				);
				PRODUCT_BUNDLE_IDENTIFIER = com.bignerdranch.Quiz;
				PRODUCT_NAME = "$(TARGET_NAME)";
				SWIFT_VERSION = 5.0;
				TARGETED_DEVICE_FAMILY = "1,2";
			};
			name = Debug;
		};
		C0579F002512543400B8E45A /* Release */ = {
			isa = XCBuildConfiguration;
			buildSettings = {
				ASSETCATALOG_COMPILER_APPICON_NAME = AppIcon;
				CODE_SIGN_STYLE = Automatic;
				INFOPLIST_FILE = Quiz/Info.plist;
				LD_RUNPATH_SEARCH_PATHS = (
					"$(inherited)",
					"@executable_path/Frameworks",
				);
				PRODUCT_BUNDLE_IDENTIFIER = com.bignerdranch.Quiz;
				PRODUCT_NAME = "$(TARGET_NAME)";
				SWIFT_VERSION = 5.0;
				TARGETED_DEVICE_FAMILY = "1,2";
			};
			name = Release;
		};
		C0579F022512543400B8E45A /* Debug */ = {
			isa = XCBuildConfiguration;
			buildSettings = {
				ALWAYS_EMBED_SWIFT_STANDARD_LIBRARIES = YES;
				BUNDLE_LOADER = "$(TEST_HOST)";
				CODE_SIGN_STYLE = Automatic;
				INFOPLIST_FILE = QuizTests/Info.plist;
				IPHONEOS_DEPLOYMENT_TARGET = 13.7;
				LD_RUNPATH_SEARCH_PATHS = (
					"$(inherited)",
					"@executable_path/Frameworks",
					"@loader_path/Frameworks",
				);
				PRODUCT_BUNDLE_IDENTIFIER = com.bignerdranch.QuizTests;
				PRODUCT_NAME = "$(TARGET_NAME)";
				SWIFT_VERSION = 5.0;
				TARGETED_DEVICE_FAMILY = "1,2";
				TEST_HOST = "$(BUILT_PRODUCTS_DIR)/Quiz.app/Quiz";
			};
			name = Debug;
		};
		C0579F032512543400B8E45A /* Release */ = {
			isa = XCBuildConfiguration;
			buildSettings = {
				ALWAYS_EMBED_SWIFT_STANDARD_LIBRARIES = YES;
				BUNDLE_LOADER = "$(TEST_HOST)";
				CODE_SIGN_STYLE = Automatic;
				INFOPLIST_FILE = QuizTests/Info.plist;
				IPHONEOS_DEPLOYMENT_TARGET = 13.7;
				LD_RUNPATH_SEARCH_PATHS = (
					"$(inherited)",
					"@executable_path/Frameworks",
					"@loader_path/Frameworks",
				);
				PRODUCT_BUNDLE_IDENTIFIER = com.bignerdranch.QuizTests;
				PRODUCT_NAME = "$(TARGET_NAME)";
				SWIFT_VERSION = 5.0;
				TARGETED_DEVICE_FAMILY = "1,2";
				TEST_HOST = "$(BUILT_PRODUCTS_DIR)/Quiz.app/Quiz";
			};
			name = Release;
		};
		C0579F052512543400B8E45A /* Debug */ = {
			isa = XCBuildConfiguration;
			buildSettings = {
				ALWAYS_EMBED_SWIFT_STANDARD_LIBRARIES = YES;
				CODE_SIGN_STYLE = Automatic;
				INFOPLIST_FILE = QuizUITests/Info.plist;
				LD_RUNPATH_SEARCH_PATHS = (
					"$(inherited)",
					"@executable_path/Frameworks",
					"@loader_path/Frameworks",
				);
				PRODUCT_BUNDLE_IDENTIFIER = com.bignerdranch.QuizUITests;
				PRODUCT_NAME = "$(TARGET_NAME)";
				SWIFT_VERSION = 5.0;
				TARGETED_DEVICE_FAMILY = "1,2";
				TEST_TARGET_NAME = Quiz;
			};
			name = Debug;
		};
		C0579F062512543400B8E45A /* Release */ = {
			isa = XCBuildConfiguration;
			buildSettings = {
				ALWAYS_EMBED_SWIFT_STANDARD_LIBRARIES = YES;
				CODE_SIGN_STYLE = Automatic;
				INFOPLIST_FILE = QuizUITests/Info.plist;
				LD_RUNPATH_SEARCH_PATHS = (
					"$(inherited)",
					"@executable_path/Frameworks",
					"@loader_path/Frameworks",
				);
				PRODUCT_BUNDLE_IDENTIFIER = com.bignerdranch.QuizUITests;
				PRODUCT_NAME = "$(TARGET_NAME)";
				SWIFT_VERSION = 5.0;
				TARGETED_DEVICE_FAMILY = "1,2";
				TEST_TARGET_NAME = Quiz;
			};
			name = Release;
		};
/* End XCBuildConfiguration section */

/* Begin XCConfigurationList section */
		C0579ECF2512543200B8E45A /* Build configuration list for PBXProject "Quiz" */ = {
			isa = XCConfigurationList;
			buildConfigurations = (
				C0579EFC2512543400B8E45A /* Debug */,
				C0579EFD2512543400B8E45A /* Release */,
			);
			defaultConfigurationIsVisible = 0;
			defaultConfigurationName = Release;
		};
		C0579EFE2512543400B8E45A /* Build configuration list for PBXNativeTarget "Quiz" */ = {
			isa = XCConfigurationList;
			buildConfigurations = (
				C0579EFF2512543400B8E45A /* Debug */,
				C0579F002512543400B8E45A /* Release */,
			);
			defaultConfigurationIsVisible = 0;
			defaultConfigurationName = Release;
		};
		C0579F012512543400B8E45A /* Build configuration list for PBXNativeTarget "QuizTests" */ = {
			isa = XCConfigurationList;
			buildConfigurations = (
				C0579F022512543400B8E45A /* Debug */,
				C0579F032512543400B8E45A /* Release */,
			);
			defaultConfigurationIsVisible = 0;
			defaultConfigurationName = Release;
		};
		C0579F042512543400B8E45A /* Build configuration list for PBXNativeTarget "QuizUITests" */ = {
			isa = XCConfigurationList;
			buildConfigurations = (
				C0579F052512543400B8E45A /* Debug */,
				C0579F062512543400B8E45A /* Release */,
			);
			defaultConfigurationIsVisible = 0;
			defaultConfigurationName = Release;
		};
/* End XCConfigurationList section */
	};
	rootObject = C0579ECC2512543200B8E45A /* Project object */;
}
